
Microsoft Visual Studio Solution File, Format Version 12.00
# Visual Studio Version 17
VisualStudioVersion = 17.0.31903.59
MinimumVisualStudioVersion = 10.0.40219.1
Project("{FAE04EC0-301F-11D3-BF4B-00C04F79EFBC}") = "GymApp.Core", "Gym App.Core\GymApp.Core.csproj", "{8EA35145-98ED-443C-85C1-9773A830834C}"
EndProject
Project("{FAE04EC0-301F-11D3-BF4B-00C04F79EFBC}") = "GymApp.Application", "Gym App.Application\GymApp.Application.csproj", "{1186B22E-3A73-4EF1-9DE5-2F5700021F72}"
EndProject
Project("{FAE04EC0-301F-11D3-BF4B-00C04F79EFBC}") = "GymApp.Infrastructure", "Gym App.Infrastructure\GymApp.Infrastructure.csproj", "{8670FBFF-0C06-4340-8FBD-DBF8B778E2F7}"
EndProject
Project("{FAE04EC0-301F-11D3-BF4B-00C04F79EFBC}") = "Gym App.API", "Gym App.API\Gym App.API.csproj", "{5A2E78F9-AA21-4979-A0CC-41639D399073}"
EndProject
Project("{FAE04EC0-301F-11D3-BF4B-00C04F79EFBC}") = "GymApp.Tests", "GymApp.Tests\GymApp.Tests.csproj", "{405A58A6-E072-66EE-7288-E6A963843DA0}"
	ProjectSection(ProjectDependencies) = postProject
		{1186B22E-3A73-4EF1-9DE5-2F5700021F72} = {1186B22E-3A73-4EF1-9DE5-2F5700021F72}
		{8670FBFF-0C06-4340-8FBD-DBF8B778E2F7} = {8670FBFF-0C06-4340-8FBD-DBF8B778E2F7}
		{8EA35145-98ED-443C-85C1-9773A830834C} = {8EA35145-98ED-443C-85C1-9773A830834C}
	EndProjectSection
EndProject
Project("{E53339B2-1760-4266-BCC7-CA923CBCF16C}") = "docker-compose", "docker-compose.dcproj", "{81DDED9D-158B-E303-5F62-77A2896D2A5A}"
EndProject
Global
	GlobalSection(SolutionConfigurationPlatforms) = preSolution
		Debug|Any CPU = Debug|Any CPU
		Debug|x64 = Debug|x64
		Debug|x86 = Debug|x86
		Release|Any CPU = Release|Any CPU
		Release|x64 = Release|x64
		Release|x86 = Release|x86
	EndGlobalSection
	GlobalSection(ProjectConfigurationPlatforms) = postSolution
		{8EA35145-98ED-443C-85C1-9773A830834C}.Debug|Any CPU.ActiveCfg = Debug|Any CPU
		{8EA35145-98ED-443C-85C1-9773A830834C}.Debug|Any CPU.Build.0 = Debug|Any CPU
		{8EA35145-98ED-443C-85C1-9773A830834C}.Debug|x64.ActiveCfg = Debug|Any CPU
		{8EA35145-98ED-443C-85C1-9773A830834C}.Debug|x64.Build.0 = Debug|Any CPU
		{8EA35145-98ED-443C-85C1-9773A830834C}.Debug|x86.ActiveCfg = Debug|Any CPU
		{8EA35145-98ED-443C-85C1-9773A830834C}.Debug|x86.Build.0 = Debug|Any CPU
		{8EA35145-98ED-443C-85C1-9773A830834C}.Release|Any CPU.ActiveCfg = Release|Any CPU
		{8EA35145-98ED-443C-85C1-9773A830834C}.Release|Any CPU.Build.0 = Release|Any CPU
		{8EA35145-98ED-443C-85C1-9773A830834C}.Release|x64.ActiveCfg = Release|Any CPU
		{8EA35145-98ED-443C-85C1-9773A830834C}.Release|x64.Build.0 = Release|Any CPU
		{8EA35145-98ED-443C-85C1-9773A830834C}.Release|x86.ActiveCfg = Release|Any CPU
		{8EA35145-98ED-443C-85C1-9773A830834C}.Release|x86.Build.0 = Release|Any CPU
		{1186B22E-3A73-4EF1-9DE5-2F5700021F72}.Debug|Any CPU.ActiveCfg = Debug|Any CPU
		{1186B22E-3A73-4EF1-9DE5-2F5700021F72}.Debug|Any CPU.Build.0 = Debug|Any CPU
		{1186B22E-3A73-4EF1-9DE5-2F5700021F72}.Debug|x64.ActiveCfg = Debug|Any CPU
		{1186B22E-3A73-4EF1-9DE5-2F5700021F72}.Debug|x64.Build.0 = Debug|Any CPU
		{1186B22E-3A73-4EF1-9DE5-2F5700021F72}.Debug|x86.ActiveCfg = Debug|Any CPU
		{1186B22E-3A73-4EF1-9DE5-2F5700021F72}.Debug|x86.Build.0 = Debug|Any CPU
		{1186B22E-3A73-4EF1-9DE5-2F5700021F72}.Release|Any CPU.ActiveCfg = Release|Any CPU
		{1186B22E-3A73-4EF1-9DE5-2F5700021F72}.Release|Any CPU.Build.0 = Release|Any CPU
		{1186B22E-3A73-4EF1-9DE5-2F5700021F72}.Release|x64.ActiveCfg = Release|Any CPU
		{1186B22E-3A73-4EF1-9DE5-2F5700021F72}.Release|x64.Build.0 = Release|Any CPU
		{1186B22E-3A73-4EF1-9DE5-2F5700021F72}.Release|x86.ActiveCfg = Release|Any CPU
		{1186B22E-3A73-4EF1-9DE5-2F5700021F72}.Release|x86.Build.0 = Release|Any CPU
		{8670FBFF-0C06-4340-8FBD-DBF8B778E2F7}.Debug|Any CPU.ActiveCfg = Debug|Any CPU
		{8670FBFF-0C06-4340-8FBD-DBF8B778E2F7}.Debug|Any CPU.Build.0 = Debug|Any CPU
		{8670FBFF-0C06-4340-8FBD-DBF8B778E2F7}.Debug|x64.ActiveCfg = Debug|Any CPU
		{8670FBFF-0C06-4340-8FBD-DBF8B778E2F7}.Debug|x64.Build.0 = Debug|Any CPU
		{8670FBFF-0C06-4340-8FBD-DBF8B778E2F7}.Debug|x86.ActiveCfg = Debug|Any CPU
		{8670FBFF-0C06-4340-8FBD-DBF8B778E2F7}.Debug|x86.Build.0 = Debug|Any CPU
		{8670FBFF-0C06-4340-8FBD-DBF8B778E2F7}.Release|Any CPU.ActiveCfg = Release|Any CPU
		{8670FBFF-0C06-4340-8FBD-DBF8B778E2F7}.Release|Any CPU.Build.0 = Release|Any CPU
		{8670FBFF-0C06-4340-8FBD-DBF8B778E2F7}.Release|x64.ActiveCfg = Release|Any CPU
		{8670FBFF-0C06-4340-8FBD-DBF8B778E2F7}.Release|x64.Build.0 = Release|Any CPU
		{8670FBFF-0C06-4340-8FBD-DBF8B778E2F7}.Release|x86.ActiveCfg = Release|Any CPU
		{8670FBFF-0C06-4340-8FBD-DBF8B778E2F7}.Release|x86.Build.0 = Release|Any CPU
		{5A2E78F9-AA21-4979-A0CC-41639D399073}.Debug|Any CPU.ActiveCfg = Debug|Any CPU
		{5A2E78F9-AA21-4979-A0CC-41639D399073}.Debug|Any CPU.Build.0 = Debug|Any CPU
		{5A2E78F9-AA21-4979-A0CC-41639D399073}.Debug|x64.ActiveCfg = Debug|Any CPU
		{5A2E78F9-AA21-4979-A0CC-41639D399073}.Debug|x64.Build.0 = Debug|Any CPU
		{5A2E78F9-AA21-4979-A0CC-41639D399073}.Debug|x86.ActiveCfg = Debug|Any CPU
		{5A2E78F9-AA21-4979-A0CC-41639D399073}.Debug|x86.Build.0 = Debug|Any CPU
		{5A2E78F9-AA21-4979-A0CC-41639D399073}.Release|Any CPU.ActiveCfg = Release|Any CPU
		{5A2E78F9-AA21-4979-A0CC-41639D399073}.Release|Any CPU.Build.0 = Release|Any CPU
		{5A2E78F9-AA21-4979-A0CC-41639D399073}.Release|x64.ActiveCfg = Release|Any CPU
		{5A2E78F9-AA21-4979-A0CC-41639D399073}.Release|x64.Build.0 = Release|Any CPU
		{5A2E78F9-AA21-4979-A0CC-41639D399073}.Release|x86.ActiveCfg = Release|Any CPU
		{5A2E78F9-AA21-4979-A0CC-41639D399073}.Release|x86.Build.0 = Release|Any CPU
		{405A58A6-E072-66EE-7288-E6A963843DA0}.Debug|Any CPU.ActiveCfg = Debug|Any CPU
		{405A58A6-E072-66EE-7288-E6A963843DA0}.Debug|Any CPU.Build.0 = Debug|Any CPU
		{405A58A6-E072-66EE-7288-E6A963843DA0}.Debug|x64.ActiveCfg = Debug|Any CPU
		{405A58A6-E072-66EE-7288-E6A963843DA0}.Debug|x64.Build.0 = Debug|Any CPU
		{405A58A6-E072-66EE-7288-E6A963843DA0}.Debug|x86.ActiveCfg = Debug|Any CPU
		{405A58A6-E072-66EE-7288-E6A963843DA0}.Debug|x86.Build.0 = Debug|Any CPU
		{405A58A6-E072-66EE-7288-E6A963843DA0}.Release|Any CPU.ActiveCfg = Release|Any CPU
		{405A58A6-E072-66EE-7288-E6A963843DA0}.Release|Any CPU.Build.0 = Release|Any CPU
		{405A58A6-E072-66EE-7288-E6A963843DA0}.Release|x64.ActiveCfg = Release|Any CPU
		{405A58A6-E072-66EE-7288-E6A963843DA0}.Release|x64.Build.0 = Release|Any CPU
		{405A58A6-E072-66EE-7288-E6A963843DA0}.Release|x86.ActiveCfg = Release|Any CPU
		{405A58A6-E072-66EE-7288-E6A963843DA0}.Release|x86.Build.0 = Release|Any CPU
		{81DDED9D-158B-E303-5F62-77A2896D2A5A}.Debug|Any CPU.ActiveCfg = Debug|Any CPU
		{81DDED9D-158B-E303-5F62-77A2896D2A5A}.Debug|Any CPU.Build.0 = Debug|Any CPU
		{81DDED9D-158B-E303-5F62-77A2896D2A5A}.Debug|x64.ActiveCfg = Debug|Any CPU
		{81DDED9D-158B-E303-5F62-77A2896D2A5A}.Debug|x64.Build.0 = Debug|Any CPU
		{81DDED9D-158B-E303-5F62-77A2896D2A5A}.Debug|x86.ActiveCfg = Debug|Any CPU
		{81DDED9D-158B-E303-5F62-77A2896D2A5A}.Debug|x86.Build.0 = Debug|Any CPU
		{81DDED9D-158B-E303-5F62-77A2896D2A5A}.Release|Any CPU.ActiveCfg = Release|Any CPU
		{81DDED9D-158B-E303-5F62-77A2896D2A5A}.Release|Any CPU.Build.0 = Release|Any CPU
		{81DDED9D-158B-E303-5F62-77A2896D2A5A}.Release|x64.ActiveCfg = Release|Any CPU
		{81DDED9D-158B-E303-5F62-77A2896D2A5A}.Release|x64.Build.0 = Release|Any CPU
		{81DDED9D-158B-E303-5F62-77A2896D2A5A}.Release|x86.ActiveCfg = Release|Any CPU
		{81DDED9D-158B-E303-5F62-77A2896D2A5A}.Release|x86.Build.0 = Release|Any CPU
	EndGlobalSection
	GlobalSection(SolutionProperties) = preSolution
		HideSolutionNode = FALSE
	EndGlobalSection
	GlobalSection(ExtensibilityGlobals) = postSolution
		SolutionGuid = {D6AD48BF-D6BA-4049-B567-6B38628F85E6}
	EndGlobalSection
EndGlobal
